
Microsoft Visual Studio Solution File, Format Version 12.00
# Visual Studio Version 16
VisualStudioVersion = 16.0.30611.23
MinimumVisualStudioVersion = 10.0.40219.1
Project("{FAE04EC0-301F-11D3-BF4B-00C04F79EFBC}") = "BinPacking_NextFit", "BinPacking_NextFit\BinPacking_NextFit.csproj", "{F2A4AD7B-689F-4BFD-B119-3E258ED632B1}"
EndProject
Global
	GlobalSection(SolutionConfigurationPlatforms) = preSolution
		Debug|Any CPU = Debug|Any CPU
		Release|Any CPU = Release|Any CPU
	EndGlobalSection
	GlobalSection(ProjectConfigurationPlatforms) = postSolution
		{F2A4AD7B-689F-4BFD-B119-3E258ED632B1}.Debug|Any CPU.ActiveCfg = Debug|Any CPU
		{F2A4AD7B-689F-4BFD-B119-3E258ED632B1}.Debug|Any CPU.Build.0 = Debug|Any CPU
		{F2A4AD7B-689F-4BFD-B119-3E258ED632B1}.Release|Any CPU.ActiveCfg = Release|Any CPU
		{F2A4AD7B-689F-4BFD-B119-3E258ED632B1}.Release|Any CPU.Build.0 = Release|Any CPU
	EndGlobalSection
	GlobalSection(SolutionProperties) = preSolution
		HideSolutionNode = FALSE
	EndGlobalSection
	GlobalSection(ExtensibilityGlobals) = postSolution
		SolutionGuid = {C4188DA7-BCD5-484B-9FB5-8F6DC7FEC401}
	EndGlobalSection
EndGlobal
